
Microsoft Visual Studio Solution File, Format Version 12.00
# Visual Studio Version 16
VisualStudioVersion = 16.0.29613.14
MinimumVisualStudioVersion = 10.0.40219.1
Project("{FAE04EC0-301F-11D3-BF4B-00C04F79EFBC}") = "4sem_kurs_client", "4sem_kurs_client\4sem_kurs_client.csproj", "{0911AC71-3EC7-4281-BE29-4B41C87FC9D8}"
EndProject
Global
	GlobalSection(SolutionConfigurationPlatforms) = preSolution
		Debug|Any CPU = Debug|Any CPU
		Release|Any CPU = Release|Any CPU
	EndGlobalSection
	GlobalSection(ProjectConfigurationPlatforms) = postSolution
		{0911AC71-3EC7-4281-BE29-4B41C87FC9D8}.Debug|Any CPU.ActiveCfg = Debug|Any CPU
		{0911AC71-3EC7-4281-BE29-4B41C87FC9D8}.Debug|Any CPU.Build.0 = Debug|Any CPU
		{0911AC71-3EC7-4281-BE29-4B41C87FC9D8}.Release|Any CPU.ActiveCfg = Release|Any CPU
		{0911AC71-3EC7-4281-BE29-4B41C87FC9D8}.Release|Any CPU.Build.0 = Release|Any CPU
	EndGlobalSection
	GlobalSection(SolutionProperties) = preSolution
		HideSolutionNode = FALSE
	EndGlobalSection
	GlobalSection(ExtensibilityGlobals) = postSolution
		SolutionGuid = {46661B95-5C5D-4A01-BB80-7BB530F419CE}
	EndGlobalSection
EndGlobal
